{
  "name": "@little-universe/command",
  "version": "1.0.0",
  "lockfileVersion": 2,
  "requires": true,
  "packages": {
    "": {
      "name": "@little-universe/command",
      "version": "1.0.0",
      "license": "ISC",
      "dependencies": {
        "@little-universe/do-not-allow-missing-properties": "github:little-universe/do-not-allow-missing-properties",
        "lodash": "^4.17.21"
      },
      "devDependencies": {}
    },
    "node_modules/@little-universe/do-not-allow-missing-properties": {
      "version": "1.0.0",
      "resolved": "git+ssh://git@github.com/little-universe/do-not-allow-missing-properties.git#fefee6a3c812250b8110f2be68b3622ddb45c132",
      "license": "ISC",
      "dependencies": {
        "lodash": "^4.17.21"
      }
    },
    "node_modules/lodash": {
      "version": "4.17.21",
      "resolved": "https://registry.npmjs.org/lodash/-/lodash-4.17.21.tgz",
      "integrity": "sha512-v2kDEe57lecTulaDIuNTPy3Ry4gLGJ6Z1O3vE1krgXZNrsQ+LFTGHVxVjcXPs17LhbZVGedAJv8XZ1tvj5FvSg=="
    }
  },
  "dependencies": {
    "@little-universe/do-not-allow-missing-properties": {
      "version": "git+ssh://git@github.com/little-universe/do-not-allow-missing-properties.git#fefee6a3c812250b8110f2be68b3622ddb45c132",
      "from": "@little-universe/do-not-allow-missing-properties@https://github.com/little-universe/do-not-allow-missing-properties.git",
      "requires": {
        "lodash": "^4.17.21"
      }
    },
    "lodash": {
      "version": "4.17.21",
      "resolved": "https://registry.npmjs.org/lodash/-/lodash-4.17.21.tgz",
      "integrity": "sha512-v2kDEe57lecTulaDIuNTPy3Ry4gLGJ6Z1O3vE1krgXZNrsQ+LFTGHVxVjcXPs17LhbZVGedAJv8XZ1tvj5FvSg=="
    }
  }
}
