{
  "name": "command",
  "version": "1.0.0",
  "lockfileVersion": 2,
  "requires": true,
  "packages": {
    "": {
      "name": "command",
      "version": "1.0.0",
      "license": "ISC",
      "dependencies": {
        "@little-universe/do-not-allow-missing-properties": "^1.0.0",
        "lodash": "^4.17.21"
      }
    },
    "../do-not-allow-missing-properties": {
      "name": "@little-universe/do-not-allow-missing-properties",
      "version": "1.0.0",
      "extraneous": true,
      "license": "ISC",
      "dependencies": {
        "lodash": "^4.17.21"
      },
      "devDependencies": {
        "jest": "^27.5.1"
      }
    },
    "node_modules/@little-universe/do-not-allow-missing-properties": {
      "version": "1.0.0",
      "resolved": "https://npm.pkg.github.com/download/@little-universe/do-not-allow-missing-properties/1.0.0/60e9487e16fa2b149c0077a8251814e434506a1594f83d1af4b55104c0d60292",
      "integrity": "sha512-FIDcvn1vSvcI2eOy9aNHqw5ktkagrlTBjfVqXN82zvafOucd9MBi7Zyx2GT5+oXR2NkRRgZn2CFNUHpq7Z6BDw==",
      "license": "ISC",
      "dependencies": {
        "lodash": "^4.17.21"
      }
    },
    "node_modules/lodash": {
      "version": "4.17.21",
      "resolved": "https://registry.npmjs.org/lodash/-/lodash-4.17.21.tgz",
      "integrity": "sha512-v2kDEe57lecTulaDIuNTPy3Ry4gLGJ6Z1O3vE1krgXZNrsQ+LFTGHVxVjcXPs17LhbZVGedAJv8XZ1tvj5FvSg=="
    }
  },
  "dependencies": {
    "@little-universe/do-not-allow-missing-properties": {
      "version": "1.0.0",
      "resolved": "https://npm.pkg.github.com/download/@little-universe/do-not-allow-missing-properties/1.0.0/60e9487e16fa2b149c0077a8251814e434506a1594f83d1af4b55104c0d60292",
      "integrity": "sha512-FIDcvn1vSvcI2eOy9aNHqw5ktkagrlTBjfVqXN82zvafOucd9MBi7Zyx2GT5+oXR2NkRRgZn2CFNUHpq7Z6BDw==",
      "requires": {
        "lodash": "^4.17.21"
      }
    },
    "lodash": {
      "version": "4.17.21",
      "resolved": "https://registry.npmjs.org/lodash/-/lodash-4.17.21.tgz",
      "integrity": "sha512-v2kDEe57lecTulaDIuNTPy3Ry4gLGJ6Z1O3vE1krgXZNrsQ+LFTGHVxVjcXPs17LhbZVGedAJv8XZ1tvj5FvSg=="
    }
  }
}
